// !$*UTF8*$!
{
	archiveVersion = 1;
	classes = {
	};
	objectVersion = 55;
	objects = {

/* Begin PBXBuildFile section */
		5804C6E2287F95DC0028FE06 /* AppDelegate.swift in Sources */ = {isa = PBXBuildFile; fileRef = 5804C6E1287F95DC0028FE06 /* AppDelegate.swift */; };
		5804C6E4287F95DC0028FE06 /* SceneDelegate.swift in Sources */ = {isa = PBXBuildFile; fileRef = 5804C6E3287F95DC0028FE06 /* SceneDelegate.swift */; };
		5804C6E6287F95DC0028FE06 /* HomeViewController.swift in Sources */ = {isa = PBXBuildFile; fileRef = 5804C6E5287F95DC0028FE06 /* HomeViewController.swift */; };
		5804C6E9287F95DC0028FE06 /* Main.storyboard in Resources */ = {isa = PBXBuildFile; fileRef = 5804C6E7287F95DC0028FE06 /* Main.storyboard */; };
		5804C6EC287F95DC0028FE06 /* Movies_App.xcdatamodeld in Sources */ = {isa = PBXBuildFile; fileRef = 5804C6EA287F95DC0028FE06 /* Movies_App.xcdatamodeld */; };
		5804C6EE287F95DD0028FE06 /* Assets.xcassets in Resources */ = {isa = PBXBuildFile; fileRef = 5804C6ED287F95DD0028FE06 /* Assets.xcassets */; };
		5804C6F1287F95DD0028FE06 /* LaunchScreen.storyboard in Resources */ = {isa = PBXBuildFile; fileRef = 5804C6EF287F95DD0028FE06 /* LaunchScreen.storyboard */; };
		5804C6FC287F95DD0028FE06 /* Movies_AppTests.swift in Sources */ = {isa = PBXBuildFile; fileRef = 5804C6FB287F95DD0028FE06 /* Movies_AppTests.swift */; };
		5804C706287F95DD0028FE06 /* Movies_AppUITests.swift in Sources */ = {isa = PBXBuildFile; fileRef = 5804C705287F95DD0028FE06 /* Movies_AppUITests.swift */; };
		5804C708287F95DD0028FE06 /* Movies_AppUITestsLaunchTests.swift in Sources */ = {isa = PBXBuildFile; fileRef = 5804C707287F95DD0028FE06 /* Movies_AppUITestsLaunchTests.swift */; };
		583249EE97405B8B210832F9 /* Pods_Movies_AppTests.framework in Frameworks */ = {isa = PBXBuildFile; fileRef = FCC5581BC52F8F94260060F4 /* Pods_Movies_AppTests.framework */; };
		5860A9FD2881C5D400BBF6AB /* HomeTableViewCell.swift in Sources */ = {isa = PBXBuildFile; fileRef = 5860A9FC2881C5D400BBF6AB /* HomeTableViewCell.swift */; };
		58880412288325D500A8FE91 /* HeadHomeView.swift in Sources */ = {isa = PBXBuildFile; fileRef = 58880411288325D500A8FE91 /* HeadHomeView.swift */; };
		589BF490289E7B5100EDB3EB /* CommingSoonViewController.swift in Sources */ = {isa = PBXBuildFile; fileRef = 589BF48F289E7B5100EDB3EB /* CommingSoonViewController.swift */; };
		589BF493289E7CD400EDB3EB /* commingTableViewCell.swift in Sources */ = {isa = PBXBuildFile; fileRef = 589BF492289E7CD400EDB3EB /* commingTableViewCell.swift */; };
		58A2024D28823CFE00B71554 /* HomeCollectionViewCell.swift in Sources */ = {isa = PBXBuildFile; fileRef = 58A2024C28823CFE00B71554 /* HomeCollectionViewCell.swift */; };
		58B046DE28A55D1100934A2E /* SearchViewController.swift in Sources */ = {isa = PBXBuildFile; fileRef = 58B046DD28A55D1100934A2E /* SearchViewController.swift */; };
		58B046E028A560A100934A2E /* SearchTableViewCell.swift in Sources */ = {isa = PBXBuildFile; fileRef = 58B046DF28A560A100934A2E /* SearchTableViewCell.swift */; };
		58BACF9328895E190015E727 /* viewModel.swift in Sources */ = {isa = PBXBuildFile; fileRef = 58BACF9228895E190015E727 /* viewModel.swift */; };
		58C2A27A2888AC020056A72D /* APICaller.swift in Sources */ = {isa = PBXBuildFile; fileRef = 58C2A2792888AC020056A72D /* APICaller.swift */; };
		58C2A27C2888B0BF0056A72D /* MovieModel.swift in Sources */ = {isa = PBXBuildFile; fileRef = 58C2A27B2888B0BF0056A72D /* MovieModel.swift */; };
		58C56A8128AA766E002F0731 /* youtubeModel.swift in Sources */ = {isa = PBXBuildFile; fileRef = 58C56A8028AA766E002F0731 /* youtubeModel.swift */; };
		58C56A8528AA82AD002F0731 /* DetailsMovieViewController.swift in Sources */ = {isa = PBXBuildFile; fileRef = 58C56A8428AA82AD002F0731 /* DetailsMovieViewController.swift */; };
		E32C879F705225BA658FCAAB /* Pods_Movies_App.framework in Frameworks */ = {isa = PBXBuildFile; fileRef = 75C733F74A802DB1334C61C3 /* Pods_Movies_App.framework */; };
		FAB6C25ECB40150585599926 /* Pods_Movies_App_Movies_AppUITests.framework in Frameworks */ = {isa = PBXBuildFile; fileRef = CB9AB0E13A629BF430E399DA /* Pods_Movies_App_Movies_AppUITests.framework */; };
/* End PBXBuildFile section */

/* Begin PBXContainerItemProxy section */
		5804C6F8287F95DD0028FE06 /* PBXContainerItemProxy */ = {
			isa = PBXContainerItemProxy;
			containerPortal = 5804C6D6287F95DC0028FE06 /* Project object */;
			proxyType = 1;
			remoteGlobalIDString = 5804C6DD287F95DC0028FE06;
			remoteInfo = "Movies App";
		};
		5804C702287F95DD0028FE06 /* PBXContainerItemProxy */ = {
			isa = PBXContainerItemProxy;
			containerPortal = 5804C6D6287F95DC0028FE06 /* Project object */;
			proxyType = 1;
			remoteGlobalIDString = 5804C6DD287F95DC0028FE06;
			remoteInfo = "Movies App";
		};
/* End PBXContainerItemProxy section */

/* Begin PBXFileReference section */
		2375F59233769B1EFC73D5E5 /* Pods-Movies App-Movies AppUITests.release.xcconfig */ = {isa = PBXFileReference; includeInIndex = 1; lastKnownFileType = text.xcconfig; name = "Pods-Movies App-Movies AppUITests.release.xcconfig"; path = "Target Support Files/Pods-Movies App-Movies AppUITests/Pods-Movies App-Movies AppUITests.release.xcconfig"; sourceTree = "<group>"; };
		5804C6DE287F95DC0028FE06 /* Movies App.app */ = {isa = PBXFileReference; explicitFileType = wrapper.application; includeInIndex = 0; path = "Movies App.app"; sourceTree = BUILT_PRODUCTS_DIR; };
		5804C6E1287F95DC0028FE06 /* AppDelegate.swift */ = {isa = PBXFileReference; lastKnownFileType = sourcecode.swift; path = AppDelegate.swift; sourceTree = "<group>"; };
		5804C6E3287F95DC0028FE06 /* SceneDelegate.swift */ = {isa = PBXFileReference; lastKnownFileType = sourcecode.swift; path = SceneDelegate.swift; sourceTree = "<group>"; };
		5804C6E5287F95DC0028FE06 /* HomeViewController.swift */ = {isa = PBXFileReference; lastKnownFileType = sourcecode.swift; path = HomeViewController.swift; sourceTree = "<group>"; };
		5804C6E8287F95DC0028FE06 /* Base */ = {isa = PBXFileReference; lastKnownFileType = file.storyboard; name = Base; path = Base.lproj/Main.storyboard; sourceTree = "<group>"; };
		5804C6EB287F95DC0028FE06 /* Movies_App.xcdatamodel */ = {isa = PBXFileReference; lastKnownFileType = wrapper.xcdatamodel; path = Movies_App.xcdatamodel; sourceTree = "<group>"; };
		5804C6ED287F95DD0028FE06 /* Assets.xcassets */ = {isa = PBXFileReference; lastKnownFileType = folder.assetcatalog; path = Assets.xcassets; sourceTree = "<group>"; };
		5804C6F0287F95DD0028FE06 /* Base */ = {isa = PBXFileReference; lastKnownFileType = file.storyboard; name = Base; path = Base.lproj/LaunchScreen.storyboard; sourceTree = "<group>"; };
		5804C6F2287F95DD0028FE06 /* Info.plist */ = {isa = PBXFileReference; lastKnownFileType = text.plist.xml; path = Info.plist; sourceTree = "<group>"; };
		5804C6F7287F95DD0028FE06 /* Movies AppTests.xctest */ = {isa = PBXFileReference; explicitFileType = wrapper.cfbundle; includeInIndex = 0; path = "Movies AppTests.xctest"; sourceTree = BUILT_PRODUCTS_DIR; };
		5804C6FB287F95DD0028FE06 /* Movies_AppTests.swift */ = {isa = PBXFileReference; lastKnownFileType = sourcecode.swift; path = Movies_AppTests.swift; sourceTree = "<group>"; };
		5804C701287F95DD0028FE06 /* Movies AppUITests.xctest */ = {isa = PBXFileReference; explicitFileType = wrapper.cfbundle; includeInIndex = 0; path = "Movies AppUITests.xctest"; sourceTree = BUILT_PRODUCTS_DIR; };
		5804C705287F95DD0028FE06 /* Movies_AppUITests.swift */ = {isa = PBXFileReference; lastKnownFileType = sourcecode.swift; path = Movies_AppUITests.swift; sourceTree = "<group>"; };
		5804C707287F95DD0028FE06 /* Movies_AppUITestsLaunchTests.swift */ = {isa = PBXFileReference; lastKnownFileType = sourcecode.swift; path = Movies_AppUITestsLaunchTests.swift; sourceTree = "<group>"; };
		5860A9FC2881C5D400BBF6AB /* HomeTableViewCell.swift */ = {isa = PBXFileReference; lastKnownFileType = sourcecode.swift; path = HomeTableViewCell.swift; sourceTree = "<group>"; };
		58880411288325D500A8FE91 /* HeadHomeView.swift */ = {isa = PBXFileReference; lastKnownFileType = sourcecode.swift; path = HeadHomeView.swift; sourceTree = "<group>"; };
		589BF48F289E7B5100EDB3EB /* CommingSoonViewController.swift */ = {isa = PBXFileReference; lastKnownFileType = sourcecode.swift; path = CommingSoonViewController.swift; sourceTree = "<group>"; };
		589BF492289E7CD400EDB3EB /* commingTableViewCell.swift */ = {isa = PBXFileReference; lastKnownFileType = sourcecode.swift; path = commingTableViewCell.swift; sourceTree = "<group>"; };
		58A2024C28823CFE00B71554 /* HomeCollectionViewCell.swift */ = {isa = PBXFileReference; lastKnownFileType = sourcecode.swift; path = HomeCollectionViewCell.swift; sourceTree = "<group>"; };
		58B046DD28A55D1100934A2E /* SearchViewController.swift */ = {isa = PBXFileReference; lastKnownFileType = sourcecode.swift; path = SearchViewController.swift; sourceTree = "<group>"; };
		58B046DF28A560A100934A2E /* SearchTableViewCell.swift */ = {isa = PBXFileReference; lastKnownFileType = sourcecode.swift; path = SearchTableViewCell.swift; sourceTree = "<group>"; };
		58BACF9228895E190015E727 /* viewModel.swift */ = {isa = PBXFileReference; lastKnownFileType = sourcecode.swift; path = viewModel.swift; sourceTree = "<group>"; };
		58C2A2792888AC020056A72D /* APICaller.swift */ = {isa = PBXFileReference; lastKnownFileType = sourcecode.swift; path = APICaller.swift; sourceTree = "<group>"; };
		58C2A27B2888B0BF0056A72D /* MovieModel.swift */ = {isa = PBXFileReference; lastKnownFileType = sourcecode.swift; path = MovieModel.swift; sourceTree = "<group>"; };
		58C56A8028AA766E002F0731 /* youtubeModel.swift */ = {isa = PBXFileReference; lastKnownFileType = sourcecode.swift; path = youtubeModel.swift; sourceTree = "<group>"; };
		58C56A8428AA82AD002F0731 /* DetailsMovieViewController.swift */ = {isa = PBXFileReference; lastKnownFileType = sourcecode.swift; path = DetailsMovieViewController.swift; sourceTree = "<group>"; };
		75C733F74A802DB1334C61C3 /* Pods_Movies_App.framework */ = {isa = PBXFileReference; explicitFileType = wrapper.framework; includeInIndex = 0; path = Pods_Movies_App.framework; sourceTree = BUILT_PRODUCTS_DIR; };
		A1C95EABBC0FE8BF94B3F26C /* Pods-Movies AppTests.release.xcconfig */ = {isa = PBXFileReference; includeInIndex = 1; lastKnownFileType = text.xcconfig; name = "Pods-Movies AppTests.release.xcconfig"; path = "Target Support Files/Pods-Movies AppTests/Pods-Movies AppTests.release.xcconfig"; sourceTree = "<group>"; };
		AAA4AD57A23531D21960F345 /* Pods-Movies AppTests.debug.xcconfig */ = {isa = PBXFileReference; includeInIndex = 1; lastKnownFileType = text.xcconfig; name = "Pods-Movies AppTests.debug.xcconfig"; path = "Target Support Files/Pods-Movies AppTests/Pods-Movies AppTests.debug.xcconfig"; sourceTree = "<group>"; };
		C4856BA1C1D9952DA57323C1 /* Pods-Movies App.debug.xcconfig */ = {isa = PBXFileReference; includeInIndex = 1; lastKnownFileType = text.xcconfig; name = "Pods-Movies App.debug.xcconfig"; path = "Target Support Files/Pods-Movies App/Pods-Movies App.debug.xcconfig"; sourceTree = "<group>"; };
		CB9AB0E13A629BF430E399DA /* Pods_Movies_App_Movies_AppUITests.framework */ = {isa = PBXFileReference; explicitFileType = wrapper.framework; includeInIndex = 0; path = Pods_Movies_App_Movies_AppUITests.framework; sourceTree = BUILT_PRODUCTS_DIR; };
		D9C6294D4747C8EEFCCBC0B4 /* Pods-Movies App.release.xcconfig */ = {isa = PBXFileReference; includeInIndex = 1; lastKnownFileType = text.xcconfig; name = "Pods-Movies App.release.xcconfig"; path = "Target Support Files/Pods-Movies App/Pods-Movies App.release.xcconfig"; sourceTree = "<group>"; };
		E7435112020C60F7A9C4721A /* Pods-Movies App-Movies AppUITests.debug.xcconfig */ = {isa = PBXFileReference; includeInIndex = 1; lastKnownFileType = text.xcconfig; name = "Pods-Movies App-Movies AppUITests.debug.xcconfig"; path = "Target Support Files/Pods-Movies App-Movies AppUITests/Pods-Movies App-Movies AppUITests.debug.xcconfig"; sourceTree = "<group>"; };
		FCC5581BC52F8F94260060F4 /* Pods_Movies_AppTests.framework */ = {isa = PBXFileReference; explicitFileType = wrapper.framework; includeInIndex = 0; path = Pods_Movies_AppTests.framework; sourceTree = BUILT_PRODUCTS_DIR; };
/* End PBXFileReference section */

/* Begin PBXFrameworksBuildPhase section */
		5804C6DB287F95DC0028FE06 /* Frameworks */ = {
			isa = PBXFrameworksBuildPhase;
			buildActionMask = 2147483647;
			files = (
				E32C879F705225BA658FCAAB /* Pods_Movies_App.framework in Frameworks */,
			);
			runOnlyForDeploymentPostprocessing = 0;
		};
		5804C6F4287F95DD0028FE06 /* Frameworks */ = {
			isa = PBXFrameworksBuildPhase;
			buildActionMask = 2147483647;
			files = (
				583249EE97405B8B210832F9 /* Pods_Movies_AppTests.framework in Frameworks */,
			);
			runOnlyForDeploymentPostprocessing = 0;
		};
		5804C6FE287F95DD0028FE06 /* Frameworks */ = {
			isa = PBXFrameworksBuildPhase;
			buildActionMask = 2147483647;
			files = (
				FAB6C25ECB40150585599926 /* Pods_Movies_App_Movies_AppUITests.framework in Frameworks */,
			);
			runOnlyForDeploymentPostprocessing = 0;
		};
/* End PBXFrameworksBuildPhase section */

/* Begin PBXGroup section */
		52CB746456F8D986F4DDD571 /* Frameworks */ = {
			isa = PBXGroup;
			children = (
				75C733F74A802DB1334C61C3 /* Pods_Movies_App.framework */,
				CB9AB0E13A629BF430E399DA /* Pods_Movies_App_Movies_AppUITests.framework */,
				FCC5581BC52F8F94260060F4 /* Pods_Movies_AppTests.framework */,
			);
			name = Frameworks;
			sourceTree = "<group>";
		};
		5804C6D5287F95DC0028FE06 = {
			isa = PBXGroup;
			children = (
				5804C6E0287F95DC0028FE06 /* Movies App */,
				5804C6FA287F95DD0028FE06 /* Movies AppTests */,
				5804C704287F95DD0028FE06 /* Movies AppUITests */,
				5804C6DF287F95DC0028FE06 /* Products */,
				70198D960A9499A540B9F924 /* Pods */,
				52CB746456F8D986F4DDD571 /* Frameworks */,
			);
			sourceTree = "<group>";
		};
		5804C6DF287F95DC0028FE06 /* Products */ = {
			isa = PBXGroup;
			children = (
				5804C6DE287F95DC0028FE06 /* Movies App.app */,
				5804C6F7287F95DD0028FE06 /* Movies AppTests.xctest */,
				5804C701287F95DD0028FE06 /* Movies AppUITests.xctest */,
			);
			name = Products;
			sourceTree = "<group>";
		};
		5804C6E0287F95DC0028FE06 /* Movies App */ = {
			isa = PBXGroup;
			children = (
				58C56A8228AA826C002F0731 /* Details Movie */,
				58C2A2782888ABB00056A72D /* API Managers */,
				58B046D728A5586F00934A2E /* Search */,
				5860A9F92881C19D00BBF6AB /* Coming Soon */,
				5860A9F72881C15900BBF6AB /* Home */,
				5804C6E1287F95DC0028FE06 /* AppDelegate.swift */,
				5804C6E3287F95DC0028FE06 /* SceneDelegate.swift */,
				5804C6E7287F95DC0028FE06 /* Main.storyboard */,
				5804C6ED287F95DD0028FE06 /* Assets.xcassets */,
				5804C6EF287F95DD0028FE06 /* LaunchScreen.storyboard */,
				5804C6F2287F95DD0028FE06 /* Info.plist */,
				5804C6EA287F95DC0028FE06 /* Movies_App.xcdatamodeld */,
			);
			path = "Movies App";
			sourceTree = "<group>";
		};
		5804C6FA287F95DD0028FE06 /* Movies AppTests */ = {
			isa = PBXGroup;
			children = (
				5804C6FB287F95DD0028FE06 /* Movies_AppTests.swift */,
			);
			path = "Movies AppTests";
			sourceTree = "<group>";
		};
		5804C704287F95DD0028FE06 /* Movies AppUITests */ = {
			isa = PBXGroup;
			children = (
				5804C705287F95DD0028FE06 /* Movies_AppUITests.swift */,
				5804C707287F95DD0028FE06 /* Movies_AppUITestsLaunchTests.swift */,
			);
			path = "Movies AppUITests";
			sourceTree = "<group>";
		};
		5860A9F72881C15900BBF6AB /* Home */ = {
			isa = PBXGroup;
			children = (
				5860A9FB2881C20900BBF6AB /* Home Model */,
				5860A9FA2881C1DD00BBF6AB /* Home View Model */,
				5860A9F82881C17600BBF6AB /* Home View */,
			);
			path = Home;
			sourceTree = "<group>";
		};
		5860A9F82881C17600BBF6AB /* Home View */ = {
			isa = PBXGroup;
			children = (
				5804C6E5287F95DC0028FE06 /* HomeViewController.swift */,
				58A2024B288239BD00B71554 /* Collection Cell */,
			);
			path = "Home View";
			sourceTree = "<group>";
		};
		5860A9F92881C19D00BBF6AB /* Coming Soon */ = {
			isa = PBXGroup;
			children = (
				589BF491289E7C5F00EDB3EB /* Coming Soon View */,
			);
			path = "Coming Soon";
			sourceTree = "<group>";
		};
		5860A9FA2881C1DD00BBF6AB /* Home View Model */ = {
			isa = PBXGroup;
			children = (
				58BACF9228895E190015E727 /* viewModel.swift */,
			);
			path = "Home View Model";
			sourceTree = "<group>";
		};
		5860A9FB2881C20900BBF6AB /* Home Model */ = {
			isa = PBXGroup;
			children = (
				58C2A27B2888B0BF0056A72D /* MovieModel.swift */,
				58C56A8028AA766E002F0731 /* youtubeModel.swift */,
			);
			path = "Home Model";
			sourceTree = "<group>";
		};
		589BF491289E7C5F00EDB3EB /* Coming Soon View */ = {
			isa = PBXGroup;
			children = (
				589BF48F289E7B5100EDB3EB /* CommingSoonViewController.swift */,
				589BF492289E7CD400EDB3EB /* commingTableViewCell.swift */,
			);
			path = "Coming Soon View";
			sourceTree = "<group>";
		};
		58A2024B288239BD00B71554 /* Collection Cell */ = {
			isa = PBXGroup;
			children = (
				5860A9FC2881C5D400BBF6AB /* HomeTableViewCell.swift */,
				58A2024C28823CFE00B71554 /* HomeCollectionViewCell.swift */,
				58880411288325D500A8FE91 /* HeadHomeView.swift */,
			);
			path = "Collection Cell";
			sourceTree = "<group>";
		};
		58B046D728A5586F00934A2E /* Search */ = {
			isa = PBXGroup;
			children = (
				58B046D828A5588C00934A2E /* view */,
			);
			path = Search;
			sourceTree = "<group>";
		};
		58B046D828A5588C00934A2E /* view */ = {
			isa = PBXGroup;
			children = (
				58B046DD28A55D1100934A2E /* SearchViewController.swift */,
				58B046DF28A560A100934A2E /* SearchTableViewCell.swift */,
			);
			path = view;
			sourceTree = "<group>";
		};
		58C2A2782888ABB00056A72D /* API Managers */ = {
			isa = PBXGroup;
			children = (
				58C2A2792888AC020056A72D /* APICaller.swift */,
			);
			path = "API Managers";
			sourceTree = "<group>";
		};
		58C56A8228AA826C002F0731 /* Details Movie */ = {
			isa = PBXGroup;
			children = (
				58C56A8328AA8288002F0731 /* view */,
			);
			path = "Details Movie";
			sourceTree = "<group>";
		};
		58C56A8328AA8288002F0731 /* view */ = {
			isa = PBXGroup;
			children = (
				58C56A8428AA82AD002F0731 /* DetailsMovieViewController.swift */,
			);
			path = view;
			sourceTree = "<group>";
		};
		70198D960A9499A540B9F924 /* Pods */ = {
			isa = PBXGroup;
			children = (
				C4856BA1C1D9952DA57323C1 /* Pods-Movies App.debug.xcconfig */,
				D9C6294D4747C8EEFCCBC0B4 /* Pods-Movies App.release.xcconfig */,
				E7435112020C60F7A9C4721A /* Pods-Movies App-Movies AppUITests.debug.xcconfig */,
				2375F59233769B1EFC73D5E5 /* Pods-Movies App-Movies AppUITests.release.xcconfig */,
				AAA4AD57A23531D21960F345 /* Pods-Movies AppTests.debug.xcconfig */,
				A1C95EABBC0FE8BF94B3F26C /* Pods-Movies AppTests.release.xcconfig */,
			);
			path = Pods;
			sourceTree = "<group>";
		};
/* End PBXGroup section */

/* Begin PBXNativeTarget section */
		5804C6DD287F95DC0028FE06 /* Movies App */ = {
			isa = PBXNativeTarget;
			buildConfigurationList = 5804C70B287F95DD0028FE06 /* Build configuration list for PBXNativeTarget "Movies App" */;
			buildPhases = (
				1910D14EA8EDDDDA68FF51FB /* [CP] Check Pods Manifest.lock */,
				5804C6DA287F95DC0028FE06 /* Sources */,
				5804C6DB287F95DC0028FE06 /* Frameworks */,
				5804C6DC287F95DC0028FE06 /* Resources */,
				63DB5B42D30E04768F619685 /* [CP] Embed Pods Frameworks */,
			);
			buildRules = (
			);
			dependencies = (
			);
			name = "Movies App";
			productName = "Movies App";
			productReference = 5804C6DE287F95DC0028FE06 /* Movies App.app */;
			productType = "com.apple.product-type.application";
		};
		5804C6F6287F95DD0028FE06 /* Movies AppTests */ = {
			isa = PBXNativeTarget;
			buildConfigurationList = 5804C70E287F95DD0028FE06 /* Build configuration list for PBXNativeTarget "Movies AppTests" */;
			buildPhases = (
				FD6F275D05D082728F3DE644 /* [CP] Check Pods Manifest.lock */,
				5804C6F3287F95DD0028FE06 /* Sources */,
				5804C6F4287F95DD0028FE06 /* Frameworks */,
				5804C6F5287F95DD0028FE06 /* Resources */,
			);
			buildRules = (
			);
			dependencies = (
				5804C6F9287F95DD0028FE06 /* PBXTargetDependency */,
			);
			name = "Movies AppTests";
			productName = "Movies AppTests";
			productReference = 5804C6F7287F95DD0028FE06 /* Movies AppTests.xctest */;
			productType = "com.apple.product-type.bundle.unit-test";
		};
		5804C700287F95DD0028FE06 /* Movies AppUITests */ = {
			isa = PBXNativeTarget;
			buildConfigurationList = 5804C711287F95DD0028FE06 /* Build configuration list for PBXNativeTarget "Movies AppUITests" */;
			buildPhases = (
				A8C00A8D2FF4ACF62F06D017 /* [CP] Check Pods Manifest.lock */,
				5804C6FD287F95DD0028FE06 /* Sources */,
				5804C6FE287F95DD0028FE06 /* Frameworks */,
				5804C6FF287F95DD0028FE06 /* Resources */,
				A25C92896D3A2A3CD67D6BC0 /* [CP] Embed Pods Frameworks */,
			);
			buildRules = (
			);
			dependencies = (
				5804C703287F95DD0028FE06 /* PBXTargetDependency */,
			);
			name = "Movies AppUITests";
			productName = "Movies AppUITests";
			productReference = 5804C701287F95DD0028FE06 /* Movies AppUITests.xctest */;
			productType = "com.apple.product-type.bundle.ui-testing";
		};
/* End PBXNativeTarget section */

/* Begin PBXProject section */
		5804C6D6287F95DC0028FE06 /* Project object */ = {
			isa = PBXProject;
			attributes = {
				BuildIndependentTargetsInParallel = 1;
				LastSwiftUpdateCheck = 1330;
				LastUpgradeCheck = 1330;
				TargetAttributes = {
					5804C6DD287F95DC0028FE06 = {
						CreatedOnToolsVersion = 13.3.1;
					};
					5804C6F6287F95DD0028FE06 = {
						CreatedOnToolsVersion = 13.3.1;
						TestTargetID = 5804C6DD287F95DC0028FE06;
					};
					5804C700287F95DD0028FE06 = {
						CreatedOnToolsVersion = 13.3.1;
						TestTargetID = 5804C6DD287F95DC0028FE06;
					};
				};
			};
			buildConfigurationList = 5804C6D9287F95DC0028FE06 /* Build configuration list for PBXProject "Movies App" */;
			compatibilityVersion = "Xcode 13.0";
			developmentRegion = en;
			hasScannedForEncodings = 0;
			knownRegions = (
				en,
				Base,
			);
			mainGroup = 5804C6D5287F95DC0028FE06;
			productRefGroup = 5804C6DF287F95DC0028FE06 /* Products */;
			projectDirPath = "";
			projectRoot = "";
			targets = (
				5804C6DD287F95DC0028FE06 /* Movies App */,
				5804C6F6287F95DD0028FE06 /* Movies AppTests */,
				5804C700287F95DD0028FE06 /* Movies AppUITests */,
			);
		};
/* End PBXProject section */

/* Begin PBXResourcesBuildPhase section */
		5804C6DC287F95DC0028FE06 /* Resources */ = {
			isa = PBXResourcesBuildPhase;
			buildActionMask = 2147483647;
			files = (
				5804C6F1287F95DD0028FE06 /* LaunchScreen.storyboard in Resources */,
				5804C6EE287F95DD0028FE06 /* Assets.xcassets in Resources */,
				5804C6E9287F95DC0028FE06 /* Main.storyboard in Resources */,
			);
			runOnlyForDeploymentPostprocessing = 0;
		};
		5804C6F5287F95DD0028FE06 /* Resources */ = {
			isa = PBXResourcesBuildPhase;
			buildActionMask = 2147483647;
			files = (
			);
			runOnlyForDeploymentPostprocessing = 0;
		};
		5804C6FF287F95DD0028FE06 /* Resources */ = {
			isa = PBXResourcesBuildPhase;
			buildActionMask = 2147483647;
			files = (
			);
			runOnlyForDeploymentPostprocessing = 0;
		};
/* End PBXResourcesBuildPhase section */

/* Begin PBXShellScriptBuildPhase section */
		1910D14EA8EDDDDA68FF51FB /* [CP] Check Pods Manifest.lock */ = {
			isa = PBXShellScriptBuildPhase;
			buildActionMask = 2147483647;
			files = (
			);
			inputFileListPaths = (
			);
			inputPaths = (
				"${PODS_PODFILE_DIR_PATH}/Podfile.lock",
				"${PODS_ROOT}/Manifest.lock",
			);
			name = "[CP] Check Pods Manifest.lock";
			outputFileListPaths = (
			);
			outputPaths = (
				"$(DERIVED_FILE_DIR)/Pods-Movies App-checkManifestLockResult.txt",
			);
			runOnlyForDeploymentPostprocessing = 0;
			shellPath = /bin/sh;
			shellScript = "diff \"${PODS_PODFILE_DIR_PATH}/Podfile.lock\" \"${PODS_ROOT}/Manifest.lock\" > /dev/null\nif [ $? != 0 ] ; then\n    # print error to STDERR\n    echo \"error: The sandbox is not in sync with the Podfile.lock. Run 'pod install' or update your CocoaPods installation.\" >&2\n    exit 1\nfi\n# This output is used by Xcode 'outputs' to avoid re-running this script phase.\necho \"SUCCESS\" > \"${SCRIPT_OUTPUT_FILE_0}\"\n";
			showEnvVarsInLog = 0;
		};
		63DB5B42D30E04768F619685 /* [CP] Embed Pods Frameworks */ = {
			isa = PBXShellScriptBuildPhase;
			buildActionMask = 2147483647;
			files = (
			);
			inputFileListPaths = (
				"${PODS_ROOT}/Target Support Files/Pods-Movies App/Pods-Movies App-frameworks-${CONFIGURATION}-input-files.xcfilelist",
			);
			name = "[CP] Embed Pods Frameworks";
			outputFileListPaths = (
				"${PODS_ROOT}/Target Support Files/Pods-Movies App/Pods-Movies App-frameworks-${CONFIGURATION}-output-files.xcfilelist",
			);
			runOnlyForDeploymentPostprocessing = 0;
			shellPath = /bin/sh;
			shellScript = "\"${PODS_ROOT}/Target Support Files/Pods-Movies App/Pods-Movies App-frameworks.sh\"\n";
			showEnvVarsInLog = 0;
		};
		A25C92896D3A2A3CD67D6BC0 /* [CP] Embed Pods Frameworks */ = {
			isa = PBXShellScriptBuildPhase;
			buildActionMask = 2147483647;
			files = (
			);
			inputFileListPaths = (
				"${PODS_ROOT}/Target Support Files/Pods-Movies App-Movies AppUITests/Pods-Movies App-Movies AppUITests-frameworks-${CONFIGURATION}-input-files.xcfilelist",
			);
			name = "[CP] Embed Pods Frameworks";
			outputFileListPaths = (
				"${PODS_ROOT}/Target Support Files/Pods-Movies App-Movies AppUITests/Pods-Movies App-Movies AppUITests-frameworks-${CONFIGURATION}-output-files.xcfilelist",
			);
			runOnlyForDeploymentPostprocessing = 0;
			shellPath = /bin/sh;
			shellScript = "\"${PODS_ROOT}/Target Support Files/Pods-Movies App-Movies AppUITests/Pods-Movies App-Movies AppUITests-frameworks.sh\"\n";
			showEnvVarsInLog = 0;
		};
		A8C00A8D2FF4ACF62F06D017 /* [CP] Check Pods Manifest.lock */ = {
			isa = PBXShellScriptBuildPhase;
			buildActionMask = 2147483647;
			files = (
			);
			inputFileListPaths = (
			);
			inputPaths = (
				"${PODS_PODFILE_DIR_PATH}/Podfile.lock",
				"${PODS_ROOT}/Manifest.lock",
			);
			name = "[CP] Check Pods Manifest.lock";
			outputFileListPaths = (
			);
			outputPaths = (
				"$(DERIVED_FILE_DIR)/Pods-Movies App-Movies AppUITests-checkManifestLockResult.txt",
			);
			runOnlyForDeploymentPostprocessing = 0;
			shellPath = /bin/sh;
			shellScript = "diff \"${PODS_PODFILE_DIR_PATH}/Podfile.lock\" \"${PODS_ROOT}/Manifest.lock\" > /dev/null\nif [ $? != 0 ] ; then\n    # print error to STDERR\n    echo \"error: The sandbox is not in sync with the Podfile.lock. Run 'pod install' or update your CocoaPods installation.\" >&2\n    exit 1\nfi\n# This output is used by Xcode 'outputs' to avoid re-running this script phase.\necho \"SUCCESS\" > \"${SCRIPT_OUTPUT_FILE_0}\"\n";
			showEnvVarsInLog = 0;
		};
		FD6F275D05D082728F3DE644 /* [CP] Check Pods Manifest.lock */ = {
			isa = PBXShellScriptBuildPhase;
			buildActionMask = 2147483647;
			files = (
			);
			inputFileListPaths = (
			);
			inputPaths = (
				"${PODS_PODFILE_DIR_PATH}/Podfile.lock",
				"${PODS_ROOT}/Manifest.lock",
			);
			name = "[CP] Check Pods Manifest.lock";
			outputFileListPaths = (
			);
			outputPaths = (
				"$(DERIVED_FILE_DIR)/Pods-Movies AppTests-checkManifestLockResult.txt",
			);
			runOnlyForDeploymentPostprocessing = 0;
			shellPath = /bin/sh;
			shellScript = "diff \"${PODS_PODFILE_DIR_PATH}/Podfile.lock\" \"${PODS_ROOT}/Manifest.lock\" > /dev/null\nif [ $? != 0 ] ; then\n    # print error to STDERR\n    echo \"error: The sandbox is not in sync with the Podfile.lock. Run 'pod install' or update your CocoaPods installation.\" >&2\n    exit 1\nfi\n# This output is used by Xcode 'outputs' to avoid re-running this script phase.\necho \"SUCCESS\" > \"${SCRIPT_OUTPUT_FILE_0}\"\n";
			showEnvVarsInLog = 0;
		};
/* End PBXShellScriptBuildPhase section */

/* Begin PBXSourcesBuildPhase section */
		5804C6DA287F95DC0028FE06 /* Sources */ = {
			isa = PBXSourcesBuildPhase;
			buildActionMask = 2147483647;
			files = (
				58C56A8528AA82AD002F0731 /* DetailsMovieViewController.swift in Sources */,
				58C2A27C2888B0BF0056A72D /* MovieModel.swift in Sources */,
				5804C6E6287F95DC0028FE06 /* HomeViewController.swift in Sources */,
				5860A9FD2881C5D400BBF6AB /* HomeTableViewCell.swift in Sources */,
				58C56A8128AA766E002F0731 /* youtubeModel.swift in Sources */,
				58880412288325D500A8FE91 /* HeadHomeView.swift in Sources */,
				5804C6E2287F95DC0028FE06 /* AppDelegate.swift in Sources */,
				5804C6EC287F95DC0028FE06 /* Movies_App.xcdatamodeld in Sources */,
				589BF493289E7CD400EDB3EB /* commingTableViewCell.swift in Sources */,
				5804C6E4287F95DC0028FE06 /* SceneDelegate.swift in Sources */,
				58B046DE28A55D1100934A2E /* SearchViewController.swift in Sources */,
				58A2024D28823CFE00B71554 /* HomeCollectionViewCell.swift in Sources */,
				58BACF9328895E190015E727 /* viewModel.swift in Sources */,
				58C2A27A2888AC020056A72D /* APICaller.swift in Sources */,
				589BF490289E7B5100EDB3EB /* CommingSoonViewController.swift in Sources */,
				58B046E028A560A100934A2E /* SearchTableViewCell.swift in Sources */,
			);
			runOnlyForDeploymentPostprocessing = 0;
		};
		5804C6F3287F95DD0028FE06 /* Sources */ = {
			isa = PBXSourcesBuildPhase;
			buildActionMask = 2147483647;
			files = (
				5804C6FC287F95DD0028FE06 /* Movies_AppTests.swift in Sources */,
			);
			runOnlyForDeploymentPostprocessing = 0;
		};
		5804C6FD287F95DD0028FE06 /* Sources */ = {
			isa = PBXSourcesBuildPhase;
			buildActionMask = 2147483647;
			files = (
				5804C706287F95DD0028FE06 /* Movies_AppUITests.swift in Sources */,
				5804C708287F95DD0028FE06 /* Movies_AppUITestsLaunchTests.swift in Sources */,
			);
			runOnlyForDeploymentPostprocessing = 0;
		};
/* End PBXSourcesBuildPhase section */

/* Begin PBXTargetDependency section */
		5804C6F9287F95DD0028FE06 /* PBXTargetDependency */ = {
			isa = PBXTargetDependency;
			target = 5804C6DD287F95DC0028FE06 /* Movies App */;
			targetProxy = 5804C6F8287F95DD0028FE06 /* PBXContainerItemProxy */;
		};
		5804C703287F95DD0028FE06 /* PBXTargetDependency */ = {
			isa = PBXTargetDependency;
			target = 5804C6DD287F95DC0028FE06 /* Movies App */;
			targetProxy = 5804C702287F95DD0028FE06 /* PBXContainerItemProxy */;
		};
/* End PBXTargetDependency section */

/* Begin PBXVariantGroup section */
		5804C6E7287F95DC0028FE06 /* Main.storyboard */ = {
			isa = PBXVariantGroup;
			children = (
				5804C6E8287F95DC0028FE06 /* Base */,
			);
			name = Main.storyboard;
			sourceTree = "<group>";
		};
		5804C6EF287F95DD0028FE06 /* LaunchScreen.storyboard */ = {
			isa = PBXVariantGroup;
			children = (
				5804C6F0287F95DD0028FE06 /* Base */,
			);
			name = LaunchScreen.storyboard;
			sourceTree = "<group>";
		};
/* End PBXVariantGroup section */

/* Begin XCBuildConfiguration section */
		5804C709287F95DD0028FE06 /* Debug */ = {
			isa = XCBuildConfiguration;
			buildSettings = {
				ALWAYS_SEARCH_USER_PATHS = NO;
				CLANG_ANALYZER_NONNULL = YES;
				CLANG_ANALYZER_NUMBER_OBJECT_CONVERSION = YES_AGGRESSIVE;
				CLANG_CXX_LANGUAGE_STANDARD = "gnu++17";
				CLANG_ENABLE_MODULES = YES;
				CLANG_ENABLE_OBJC_ARC = YES;
				CLANG_ENABLE_OBJC_WEAK = YES;
				CLANG_WARN_BLOCK_CAPTURE_AUTORELEASING = YES;
				CLANG_WARN_BOOL_CONVERSION = YES;
				CLANG_WARN_COMMA = YES;
				CLANG_WARN_CONSTANT_CONVERSION = YES;
				CLANG_WARN_DEPRECATED_OBJC_IMPLEMENTATIONS = YES;
				CLANG_WARN_DIRECT_OBJC_ISA_USAGE = YES_ERROR;
				CLANG_WARN_DOCUMENTATION_COMMENTS = YES;
				CLANG_WARN_EMPTY_BODY = YES;
				CLANG_WARN_ENUM_CONVERSION = YES;
				CLANG_WARN_INFINITE_RECURSION = YES;
				CLANG_WARN_INT_CONVERSION = YES;
				CLANG_WARN_NON_LITERAL_NULL_CONVERSION = YES;
				CLANG_WARN_OBJC_IMPLICIT_RETAIN_SELF = YES;
				CLANG_WARN_OBJC_LITERAL_CONVERSION = YES;
				CLANG_WARN_OBJC_ROOT_CLASS = YES_ERROR;
				CLANG_WARN_QUOTED_INCLUDE_IN_FRAMEWORK_HEADER = YES;
				CLANG_WARN_RANGE_LOOP_ANALYSIS = YES;
				CLANG_WARN_STRICT_PROTOTYPES = YES;
				CLANG_WARN_SUSPICIOUS_MOVE = YES;
				CLANG_WARN_UNGUARDED_AVAILABILITY = YES_AGGRESSIVE;
				CLANG_WARN_UNREACHABLE_CODE = YES;
				CLANG_WARN__DUPLICATE_METHOD_MATCH = YES;
				COPY_PHASE_STRIP = NO;
				DEBUG_INFORMATION_FORMAT = dwarf;
				ENABLE_STRICT_OBJC_MSGSEND = YES;
				ENABLE_TESTABILITY = YES;
				GCC_C_LANGUAGE_STANDARD = gnu11;
				GCC_DYNAMIC_NO_PIC = NO;
				GCC_NO_COMMON_BLOCKS = YES;
				GCC_OPTIMIZATION_LEVEL = 0;
				GCC_PREPROCESSOR_DEFINITIONS = (
					"DEBUG=1",
					"$(inherited)",
				);
				GCC_WARN_64_TO_32_BIT_CONVERSION = YES;
				GCC_WARN_ABOUT_RETURN_TYPE = YES_ERROR;
				GCC_WARN_UNDECLARED_SELECTOR = YES;
				GCC_WARN_UNINITIALIZED_AUTOS = YES_AGGRESSIVE;
				GCC_WARN_UNUSED_FUNCTION = YES;
				GCC_WARN_UNUSED_VARIABLE = YES;
				IPHONEOS_DEPLOYMENT_TARGET = 15.4;
				MTL_ENABLE_DEBUG_INFO = INCLUDE_SOURCE;
				MTL_FAST_MATH = YES;
				ONLY_ACTIVE_ARCH = YES;
				SDKROOT = iphoneos;
				SWIFT_ACTIVE_COMPILATION_CONDITIONS = DEBUG;
				SWIFT_OPTIMIZATION_LEVEL = "-Onone";
			};
			name = Debug;
		};
		5804C70A287F95DD0028FE06 /* Release */ = {
			isa = XCBuildConfiguration;
			buildSettings = {
				ALWAYS_SEARCH_USER_PATHS = NO;
				CLANG_ANALYZER_NONNULL = YES;
				CLANG_ANALYZER_NUMBER_OBJECT_CONVERSION = YES_AGGRESSIVE;
				CLANG_CXX_LANGUAGE_STANDARD = "gnu++17";
				CLANG_ENABLE_MODULES = YES;
				CLANG_ENABLE_OBJC_ARC = YES;
				CLANG_ENABLE_OBJC_WEAK = YES;
				CLANG_WARN_BLOCK_CAPTURE_AUTORELEASING = YES;
				CLANG_WARN_BOOL_CONVERSION = YES;
				CLANG_WARN_COMMA = YES;
				CLANG_WARN_CONSTANT_CONVERSION = YES;
				CLANG_WARN_DEPRECATED_OBJC_IMPLEMENTATIONS = YES;
				CLANG_WARN_DIRECT_OBJC_ISA_USAGE = YES_ERROR;
				CLANG_WARN_DOCUMENTATION_COMMENTS = YES;
				CLANG_WARN_EMPTY_BODY = YES;
				CLANG_WARN_ENUM_CONVERSION = YES;
				CLANG_WARN_INFINITE_RECURSION = YES;
				CLANG_WARN_INT_CONVERSION = YES;
				CLANG_WARN_NON_LITERAL_NULL_CONVERSION = YES;
				CLANG_WARN_OBJC_IMPLICIT_RETAIN_SELF = YES;
				CLANG_WARN_OBJC_LITERAL_CONVERSION = YES;
				CLANG_WARN_OBJC_ROOT_CLASS = YES_ERROR;
				CLANG_WARN_QUOTED_INCLUDE_IN_FRAMEWORK_HEADER = YES;
				CLANG_WARN_RANGE_LOOP_ANALYSIS = YES;
				CLANG_WARN_STRICT_PROTOTYPES = YES;
				CLANG_WARN_SUSPICIOUS_MOVE = YES;
				CLANG_WARN_UNGUARDED_AVAILABILITY = YES_AGGRESSIVE;
				CLANG_WARN_UNREACHABLE_CODE = YES;
				CLANG_WARN__DUPLICATE_METHOD_MATCH = YES;
				COPY_PHASE_STRIP = NO;
				DEBUG_INFORMATION_FORMAT = "dwarf-with-dsym";
				ENABLE_NS_ASSERTIONS = NO;
				ENABLE_STRICT_OBJC_MSGSEND = YES;
				GCC_C_LANGUAGE_STANDARD = gnu11;
				GCC_NO_COMMON_BLOCKS = YES;
				GCC_WARN_64_TO_32_BIT_CONVERSION = YES;
				GCC_WARN_ABOUT_RETURN_TYPE = YES_ERROR;
				GCC_WARN_UNDECLARED_SELECTOR = YES;
				GCC_WARN_UNINITIALIZED_AUTOS = YES_AGGRESSIVE;
				GCC_WARN_UNUSED_FUNCTION = YES;
				GCC_WARN_UNUSED_VARIABLE = YES;
				IPHONEOS_DEPLOYMENT_TARGET = 15.4;
				MTL_ENABLE_DEBUG_INFO = NO;
				MTL_FAST_MATH = YES;
				SDKROOT = iphoneos;
				SWIFT_COMPILATION_MODE = wholemodule;
				SWIFT_OPTIMIZATION_LEVEL = "-O";
				VALIDATE_PRODUCT = YES;
			};
			name = Release;
		};
		5804C70C287F95DD0028FE06 /* Debug */ = {
			isa = XCBuildConfiguration;
			baseConfigurationReference = C4856BA1C1D9952DA57323C1 /* Pods-Movies App.debug.xcconfig */;
			buildSettings = {
				ASSETCATALOG_COMPILER_APPICON_NAME = AppIcon;
				ASSETCATALOG_COMPILER_GLOBAL_ACCENT_COLOR_NAME = AccentColor;
				CODE_SIGN_STYLE = Automatic;
				CURRENT_PROJECT_VERSION = 1;
				GENERATE_INFOPLIST_FILE = YES;
				INFOPLIST_FILE = "Movies App/Info.plist";
				INFOPLIST_KEY_UIApplicationSupportsIndirectInputEvents = YES;
				INFOPLIST_KEY_UILaunchStoryboardName = LaunchScreen;
				INFOPLIST_KEY_UIMainStoryboardFile = Main;
				INFOPLIST_KEY_UISupportedInterfaceOrientations_iPad = "UIInterfaceOrientationPortrait UIInterfaceOrientationPortraitUpsideDown UIInterfaceOrientationLandscapeLeft UIInterfaceOrientationLandscapeRight";
				INFOPLIST_KEY_UISupportedInterfaceOrientations_iPhone = "UIInterfaceOrientationPortrait UIInterfaceOrientationLandscapeLeft UIInterfaceOrientationLandscapeRight";
				LD_RUNPATH_SEARCH_PATHS = (
					"$(inherited)",
					"@executable_path/Frameworks",
				);
				MARKETING_VERSION = 1.0;
				PRODUCT_BUNDLE_IDENTIFIER = "first.Movies-App";
				PRODUCT_NAME = "$(TARGET_NAME)";
				SWIFT_EMIT_LOC_STRINGS = YES;
				SWIFT_VERSION = 5.0;
				TARGETED_DEVICE_FAMILY = "1,2";
			};
			name = Debug;
		};
		5804C70D287F95DD0028FE06 /* Release */ = {
			isa = XCBuildConfiguration;
			baseConfigurationReference = D9C6294D4747C8EEFCCBC0B4 /* Pods-Movies App.release.xcconfig */;
			buildSettings = {
				ASSETCATALOG_COMPILER_APPICON_NAME = AppIcon;
				ASSETCATALOG_COMPILER_GLOBAL_ACCENT_COLOR_NAME = AccentColor;
				CODE_SIGN_STYLE = Automatic;
				CURRENT_PROJECT_VERSION = 1;
				GENERATE_INFOPLIST_FILE = YES;
				INFOPLIST_FILE = "Movies App/Info.plist";
				INFOPLIST_KEY_UIApplicationSupportsIndirectInputEvents = YES;
				INFOPLIST_KEY_UILaunchStoryboardName = LaunchScreen;
				INFOPLIST_KEY_UIMainStoryboardFile = Main;
				INFOPLIST_KEY_UISupportedInterfaceOrientations_iPad = "UIInterfaceOrientationPortrait UIInterfaceOrientationPortraitUpsideDown UIInterfaceOrientationLandscapeLeft UIInterfaceOrientationLandscapeRight";
				INFOPLIST_KEY_UISupportedInterfaceOrientations_iPhone = "UIInterfaceOrientationPortrait UIInterfaceOrientationLandscapeLeft UIInterfaceOrientationLandscapeRight";
				LD_RUNPATH_SEARCH_PATHS = (
					"$(inherited)",
					"@executable_path/Frameworks",
				);
				MARKETING_VERSION = 1.0;
				PRODUCT_BUNDLE_IDENTIFIER = "first.Movies-App";
				PRODUCT_NAME = "$(TARGET_NAME)";
				SWIFT_EMIT_LOC_STRINGS = YES;
				SWIFT_VERSION = 5.0;
				TARGETED_DEVICE_FAMILY = "1,2";
			};
			name = Release;
		};
		5804C70F287F95DD0028FE06 /* Debug */ = {
			isa = XCBuildConfiguration;
			baseConfigurationReference = AAA4AD57A23531D21960F345 /* Pods-Movies AppTests.debug.xcconfig */;
			buildSettings = {
				ALWAYS_EMBED_SWIFT_STANDARD_LIBRARIES = YES;
				BUNDLE_LOADER = "$(TEST_HOST)";
				CODE_SIGN_STYLE = Automatic;
				CURRENT_PROJECT_VERSION = 1;
				GENERATE_INFOPLIST_FILE = YES;
				IPHONEOS_DEPLOYMENT_TARGET = 15.4;
				MARKETING_VERSION = 1.0;
				PRODUCT_BUNDLE_IDENTIFIER = "first.Movies-AppTests";
				PRODUCT_NAME = "$(TARGET_NAME)";
				SWIFT_EMIT_LOC_STRINGS = NO;
				SWIFT_VERSION = 5.0;
				TARGETED_DEVICE_FAMILY = "1,2";
				TEST_HOST = "$(BUILT_PRODUCTS_DIR)/Movies App.app/Movies App";
			};
			name = Debug;
		};
		5804C710287F95DD0028FE06 /* Release */ = {
			isa = XCBuildConfiguration;
			baseConfigurationReference = A1C95EABBC0FE8BF94B3F26C /* Pods-Movies AppTests.release.xcconfig */;
			buildSettings = {
				ALWAYS_EMBED_SWIFT_STANDARD_LIBRARIES = YES;
				BUNDLE_LOADER = "$(TEST_HOST)";
				CODE_SIGN_STYLE = Automatic;
				CURRENT_PROJECT_VERSION = 1;
				GENERATE_INFOPLIST_FILE = YES;
				IPHONEOS_DEPLOYMENT_TARGET = 15.4;
				MARKETING_VERSION = 1.0;
				PRODUCT_BUNDLE_IDENTIFIER = "first.Movies-AppTests";
				PRODUCT_NAME = "$(TARGET_NAME)";
				SWIFT_EMIT_LOC_STRINGS = NO;
				SWIFT_VERSION = 5.0;
				TARGETED_DEVICE_FAMILY = "1,2";
				TEST_HOST = "$(BUILT_PRODUCTS_DIR)/Movies App.app/Movies App";
			};
			name = Release;
		};
		5804C712287F95DD0028FE06 /* Debug */ = {
			isa = XCBuildConfiguration;
			baseConfigurationReference = E7435112020C60F7A9C4721A /* Pods-Movies App-Movies AppUITests.debug.xcconfig */;
			buildSettings = {
				ALWAYS_EMBED_SWIFT_STANDARD_LIBRARIES = YES;
				CODE_SIGN_STYLE = Automatic;
				CURRENT_PROJECT_VERSION = 1;
				GENERATE_INFOPLIST_FILE = YES;
				MARKETING_VERSION = 1.0;
				PRODUCT_BUNDLE_IDENTIFIER = "first.Movies-AppUITests";
				PRODUCT_NAME = "$(TARGET_NAME)";
				SWIFT_EMIT_LOC_STRINGS = NO;
				SWIFT_VERSION = 5.0;
				TARGETED_DEVICE_FAMILY = "1,2";
				TEST_TARGET_NAME = "Movies App";
			};
			name = Debug;
		};
		5804C713287F95DD0028FE06 /* Release */ = {
			isa = XCBuildConfiguration;
			baseConfigurationReference = 2375F59233769B1EFC73D5E5 /* Pods-Movies App-Movies AppUITests.release.xcconfig */;
			buildSettings = {
				ALWAYS_EMBED_SWIFT_STANDARD_LIBRARIES = YES;
				CODE_SIGN_STYLE = Automatic;
				CURRENT_PROJECT_VERSION = 1;
				GENERATE_INFOPLIST_FILE = YES;
				MARKETING_VERSION = 1.0;
				PRODUCT_BUNDLE_IDENTIFIER = "first.Movies-AppUITests";
				PRODUCT_NAME = "$(TARGET_NAME)";
				SWIFT_EMIT_LOC_STRINGS = NO;
				SWIFT_VERSION = 5.0;
				TARGETED_DEVICE_FAMILY = "1,2";
				TEST_TARGET_NAME = "Movies App";
			};
			name = Release;
		};
/* End XCBuildConfiguration section */

/* Begin XCConfigurationList section */
		5804C6D9287F95DC0028FE06 /* Build configuration list for PBXProject "Movies App" */ = {
			isa = XCConfigurationList;
			buildConfigurations = (
				5804C709287F95DD0028FE06 /* Debug */,
				5804C70A287F95DD0028FE06 /* Release */,
			);
			defaultConfigurationIsVisible = 0;
			defaultConfigurationName = Release;
		};
		5804C70B287F95DD0028FE06 /* Build configuration list for PBXNativeTarget "Movies App" */ = {
			isa = XCConfigurationList;
			buildConfigurations = (
				5804C70C287F95DD0028FE06 /* Debug */,
				5804C70D287F95DD0028FE06 /* Release */,
			);
			defaultConfigurationIsVisible = 0;
			defaultConfigurationName = Release;
		};
		5804C70E287F95DD0028FE06 /* Build configuration list for PBXNativeTarget "Movies AppTests" */ = {
			isa = XCConfigurationList;
			buildConfigurations = (
				5804C70F287F95DD0028FE06 /* Debug */,
				5804C710287F95DD0028FE06 /* Release */,
			);
			defaultConfigurationIsVisible = 0;
			defaultConfigurationName = Release;
		};
		5804C711287F95DD0028FE06 /* Build configuration list for PBXNativeTarget "Movies AppUITests" */ = {
			isa = XCConfigurationList;
			buildConfigurations = (
				5804C712287F95DD0028FE06 /* Debug */,
				5804C713287F95DD0028FE06 /* Release */,
			);
			defaultConfigurationIsVisible = 0;
			defaultConfigurationName = Release;
		};
/* End XCConfigurationList section */

/* Begin XCVersionGroup section */
		5804C6EA287F95DC0028FE06 /* Movies_App.xcdatamodeld */ = {
			isa = XCVersionGroup;
			children = (
				5804C6EB287F95DC0028FE06 /* Movies_App.xcdatamodel */,
			);
			currentVersion = 5804C6EB287F95DC0028FE06 /* Movies_App.xcdatamodel */;
			path = Movies_App.xcdatamodeld;
			sourceTree = "<group>";
			versionGroupType = wrapper.xcdatamodel;
		};
/* End XCVersionGroup section */
	};
	rootObject = 5804C6D6287F95DC0028FE06 /* Project object */;
}
